
Microsoft Visual Studio Solution File, Format Version 11.00
# Visual Studio 2010
Project("{FAE04EC0-301F-11D3-BF4B-00C04F79EFBC}") = "WallpaperLoader", "WallpaperLoader.csproj", "{EE812BA7-CC48-4F3B-96DD-2F403854EB47}"
EndProject
Global
	GlobalSection(SolutionConfigurationPlatforms) = preSolution
		Debug|Any CPU = Debug|Any CPU
		Release|Any CPU = Release|Any CPU
	EndGlobalSection
	GlobalSection(ProjectConfigurationPlatforms) = postSolution
		{EE812BA7-CC48-4F3B-96DD-2F403854EB47}.Debug|Any CPU.ActiveCfg = Debug|Any CPU
		{EE812BA7-CC48-4F3B-96DD-2F403854EB47}.Debug|Any CPU.Build.0 = Debug|Any CPU
		{EE812BA7-CC48-4F3B-96DD-2F403854EB47}.Release|Any CPU.ActiveCfg = Release|Any CPU
		{EE812BA7-CC48-4F3B-96DD-2F403854EB47}.Release|Any CPU.Build.0 = Release|Any CPU
	EndGlobalSection
	GlobalSection(SolutionProperties) = preSolution
		HideSolutionNode = FALSE
	EndGlobalSection
EndGlobal
